
Microsoft Visual Studio Solution File, Format Version 12.00
# Visual Studio 15
VisualStudioVersion = 15.0.27703.2047
MinimumVisualStudioVersion = 10.0.40219.1
Project("{FAE04EC0-301F-11D3-BF4B-00C04F79EFBC}") = "Aamco.Data", "Aamco.Data\Aamco.Data.csproj", "{13845769-7445-40B9-AD20-F38A83269984}"
EndProject
Project("{9A19103F-16F7-4668-BE54-9A1E7A4F7556}") = "Aamco.API", "Aamco.API\Aamco.API.csproj", "{352678D7-2627-43D3-B191-D1D46303FCB0}"
EndProject
Project("{FAE04EC0-301F-11D3-BF4B-00C04F79EFBC}") = "Aamco.Services", "Aamco.Services\Aamco.Services.csproj", "{1574CFC7-BCCE-461F-9826-AF8EE71C050F}"
EndProject
Global
	GlobalSection(SolutionConfigurationPlatforms) = preSolution
		Debug|Any CPU = Debug|Any CPU
		Release|Any CPU = Release|Any CPU
	EndGlobalSection
	GlobalSection(ProjectConfigurationPlatforms) = postSolution
		{13845769-7445-40B9-AD20-F38A83269984}.Debug|Any CPU.ActiveCfg = Debug|Any CPU
		{13845769-7445-40B9-AD20-F38A83269984}.Debug|Any CPU.Build.0 = Debug|Any CPU
		{13845769-7445-40B9-AD20-F38A83269984}.Release|Any CPU.ActiveCfg = Release|Any CPU
		{13845769-7445-40B9-AD20-F38A83269984}.Release|Any CPU.Build.0 = Release|Any CPU
		{352678D7-2627-43D3-B191-D1D46303FCB0}.Debug|Any CPU.ActiveCfg = Debug|Any CPU
		{352678D7-2627-43D3-B191-D1D46303FCB0}.Debug|Any CPU.Build.0 = Debug|Any CPU
		{352678D7-2627-43D3-B191-D1D46303FCB0}.Release|Any CPU.ActiveCfg = Release|Any CPU
		{352678D7-2627-43D3-B191-D1D46303FCB0}.Release|Any CPU.Build.0 = Release|Any CPU
		{1574CFC7-BCCE-461F-9826-AF8EE71C050F}.Debug|Any CPU.ActiveCfg = Debug|Any CPU
		{1574CFC7-BCCE-461F-9826-AF8EE71C050F}.Debug|Any CPU.Build.0 = Debug|Any CPU
		{1574CFC7-BCCE-461F-9826-AF8EE71C050F}.Release|Any CPU.ActiveCfg = Release|Any CPU
		{1574CFC7-BCCE-461F-9826-AF8EE71C050F}.Release|Any CPU.Build.0 = Release|Any CPU
	EndGlobalSection
	GlobalSection(SolutionProperties) = preSolution
		HideSolutionNode = FALSE
	EndGlobalSection
	GlobalSection(ExtensibilityGlobals) = postSolution
		SolutionGuid = {8E65BFCD-8B47-44F8-B444-AC05591A20BF}
	EndGlobalSection
EndGlobal
