
Microsoft Visual Studio Solution File, Format Version 12.00
# Visual Studio 15
VisualStudioVersion = 15.0.27703.2047
MinimumVisualStudioVersion = 10.0.40219.1
Project("{FAE04EC0-301F-11D3-BF4B-00C04F79EFBC}") = "Aamco.API", "Aamco.API\Aamco.API.csproj", "{BA457F28-6ED3-41CD-BE4A-B1F38ECB977C}"
EndProject
Project("{FAE04EC0-301F-11D3-BF4B-00C04F79EFBC}") = "Aamco.UI", "Aamco.UI\Aamco.UI.csproj", "{7F2C74F7-9D7A-485C-B2AC-255B9A6E87C6}"
EndProject
Project("{FAE04EC0-301F-11D3-BF4B-00C04F79EFBC}") = "Aamco.Data", "Aamco.Data\Aamco.Data.csproj", "{8D11FD35-1883-4F1B-881E-10988AE5C865}"
EndProject
Project("{FAE04EC0-301F-11D3-BF4B-00C04F79EFBC}") = "Aamco.Services", "Aamco.Services\Aamco.Services.csproj", "{3D4DC485-26D9-42C2-BEBA-35E73F0C7EF3}"
EndProject
Global
	GlobalSection(SolutionConfigurationPlatforms) = preSolution
		Debug|Any CPU = Debug|Any CPU
		Release|Any CPU = Release|Any CPU
	EndGlobalSection
	GlobalSection(ProjectConfigurationPlatforms) = postSolution
		{BA457F28-6ED3-41CD-BE4A-B1F38ECB977C}.Debug|Any CPU.ActiveCfg = Debug|Any CPU
		{BA457F28-6ED3-41CD-BE4A-B1F38ECB977C}.Debug|Any CPU.Build.0 = Debug|Any CPU
		{BA457F28-6ED3-41CD-BE4A-B1F38ECB977C}.Release|Any CPU.ActiveCfg = Release|Any CPU
		{BA457F28-6ED3-41CD-BE4A-B1F38ECB977C}.Release|Any CPU.Build.0 = Release|Any CPU
		{7F2C74F7-9D7A-485C-B2AC-255B9A6E87C6}.Debug|Any CPU.ActiveCfg = Debug|Any CPU
		{7F2C74F7-9D7A-485C-B2AC-255B9A6E87C6}.Debug|Any CPU.Build.0 = Debug|Any CPU
		{7F2C74F7-9D7A-485C-B2AC-255B9A6E87C6}.Release|Any CPU.ActiveCfg = Release|Any CPU
		{7F2C74F7-9D7A-485C-B2AC-255B9A6E87C6}.Release|Any CPU.Build.0 = Release|Any CPU
		{8D11FD35-1883-4F1B-881E-10988AE5C865}.Debug|Any CPU.ActiveCfg = Debug|Any CPU
		{8D11FD35-1883-4F1B-881E-10988AE5C865}.Debug|Any CPU.Build.0 = Debug|Any CPU
		{8D11FD35-1883-4F1B-881E-10988AE5C865}.Release|Any CPU.ActiveCfg = Release|Any CPU
		{8D11FD35-1883-4F1B-881E-10988AE5C865}.Release|Any CPU.Build.0 = Release|Any CPU
		{3D4DC485-26D9-42C2-BEBA-35E73F0C7EF3}.Debug|Any CPU.ActiveCfg = Debug|Any CPU
		{3D4DC485-26D9-42C2-BEBA-35E73F0C7EF3}.Debug|Any CPU.Build.0 = Debug|Any CPU
		{3D4DC485-26D9-42C2-BEBA-35E73F0C7EF3}.Release|Any CPU.ActiveCfg = Release|Any CPU
		{3D4DC485-26D9-42C2-BEBA-35E73F0C7EF3}.Release|Any CPU.Build.0 = Release|Any CPU
	EndGlobalSection
	GlobalSection(SolutionProperties) = preSolution
		HideSolutionNode = FALSE
	EndGlobalSection
	GlobalSection(ExtensibilityGlobals) = postSolution
		SolutionGuid = {8E65BFCD-8B47-44F8-B444-AC05591A20BF}
	EndGlobalSection
EndGlobal
